{
  "name": "@okirim/commons-nats",
  "version": "1.0.0",
  "lockfileVersion": 2,
  "requires": true,
  "packages": {
    "": {
      "name": "@okirim/commons-nats",
      "version": "1.0.0",
      "license": "ISC",
      "dependencies": {
        "nats": "^2.5.0",
        "typescript": "^4.5.5"
      }
    },
    "node_modules/@types/node": {
      "version": "14.18.9",
      "resolved": "https://registry.npmjs.org/@types/node/-/node-14.18.9.tgz",
      "integrity": "sha512-j11XSuRuAlft6vLDEX4RvhqC0KxNxx6QIyMXNb0vHHSNPXTPeiy3algESWmOOIzEtiEL0qiowPU3ewW9hHVa7Q=="
    },
    "node_modules/nats": {
      "version": "2.5.0",
      "resolved": "https://registry.npmjs.org/nats/-/nats-2.5.0.tgz",
      "integrity": "sha512-2kx4Aud9l6iDhIkBBxcZIDizDy58jaEnNPnVLkRNNx8CPxX00BXbjUpa2n/U0/DOwmo5mTY30sg3s/67O7IJvg==",
      "dependencies": {
        "nkeys.js": "^1.0.0-9"
      },
      "engines": {
        "node": ">= 10.0.0"
      }
    },
    "node_modules/nkeys.js": {
      "version": "1.0.0-9",
      "resolved": "https://registry.npmjs.org/nkeys.js/-/nkeys.js-1.0.0-9.tgz",
      "integrity": "sha512-m9O0NQT+3rUe1om6MWpxV77EuHql/LdorDH+FYQkoeARcM2V0sQ89kM36fArWaHWq/25EmNmQUW0MhLTcbqW1A==",
      "dependencies": {
        "@types/node": "^14.0.26",
        "tweetnacl": "^1.0.3"
      },
      "engines": {
        "node": ">=10.0.0"
      }
    },
    "node_modules/tweetnacl": {
      "version": "1.0.3",
      "resolved": "https://registry.npmjs.org/tweetnacl/-/tweetnacl-1.0.3.tgz",
      "integrity": "sha512-6rt+RN7aOi1nGMyC4Xa5DdYiukl2UWCbcJft7YhxReBGQD7OAM8Pbxw6YMo4r2diNEA8FEmu32YOn9rhaiE5yw=="
    },
    "node_modules/typescript": {
      "version": "4.5.5",
      "resolved": "https://registry.npmjs.org/typescript/-/typescript-4.5.5.tgz",
      "integrity": "sha512-TCTIul70LyWe6IJWT8QSYeA54WQe8EjQFU4wY52Fasj5UKx88LNYKCgBEHcOMOrFF1rKGbD8v/xcNWVUq9SymA==",
      "bin": {
        "tsc": "bin/tsc",
        "tsserver": "bin/tsserver"
      },
      "engines": {
        "node": ">=4.2.0"
      }
    }
  },
  "dependencies": {
    "@types/node": {
      "version": "14.18.9",
      "resolved": "https://registry.npmjs.org/@types/node/-/node-14.18.9.tgz",
      "integrity": "sha512-j11XSuRuAlft6vLDEX4RvhqC0KxNxx6QIyMXNb0vHHSNPXTPeiy3algESWmOOIzEtiEL0qiowPU3ewW9hHVa7Q=="
    },
    "nats": {
      "version": "2.5.0",
      "resolved": "https://registry.npmjs.org/nats/-/nats-2.5.0.tgz",
      "integrity": "sha512-2kx4Aud9l6iDhIkBBxcZIDizDy58jaEnNPnVLkRNNx8CPxX00BXbjUpa2n/U0/DOwmo5mTY30sg3s/67O7IJvg==",
      "requires": {
        "nkeys.js": "^1.0.0-9"
      }
    },
    "nkeys.js": {
      "version": "1.0.0-9",
      "resolved": "https://registry.npmjs.org/nkeys.js/-/nkeys.js-1.0.0-9.tgz",
      "integrity": "sha512-m9O0NQT+3rUe1om6MWpxV77EuHql/LdorDH+FYQkoeARcM2V0sQ89kM36fArWaHWq/25EmNmQUW0MhLTcbqW1A==",
      "requires": {
        "@types/node": "^14.0.26",
        "tweetnacl": "^1.0.3"
      }
    },
    "tweetnacl": {
      "version": "1.0.3",
      "resolved": "https://registry.npmjs.org/tweetnacl/-/tweetnacl-1.0.3.tgz",
      "integrity": "sha512-6rt+RN7aOi1nGMyC4Xa5DdYiukl2UWCbcJft7YhxReBGQD7OAM8Pbxw6YMo4r2diNEA8FEmu32YOn9rhaiE5yw=="
    },
    "typescript": {
      "version": "4.5.5",
      "resolved": "https://registry.npmjs.org/typescript/-/typescript-4.5.5.tgz",
      "integrity": "sha512-TCTIul70LyWe6IJWT8QSYeA54WQe8EjQFU4wY52Fasj5UKx88LNYKCgBEHcOMOrFF1rKGbD8v/xcNWVUq9SymA=="
    }
  }
}
